
Microsoft Visual Studio Solution File, Format Version 12.00
# Visual Studio 2013
VisualStudioVersion = 12.0.31101.0
MinimumVisualStudioVersion = 10.0.40219.1
Project("{FAE04EC0-301F-11D3-BF4B-00C04F79EFBC}") = "COMp397-Lesson3-Part2", "COMp397-Lesson3-Part2\COMp397-Lesson3-Part2.csproj", "{7140CE7A-7394-45E4-B8BD-63A9EF3E6D9A}"
EndProject
Global
	GlobalSection(SolutionConfigurationPlatforms) = preSolution
		Debug|Any CPU = Debug|Any CPU
		Release|Any CPU = Release|Any CPU
	EndGlobalSection
	GlobalSection(ProjectConfigurationPlatforms) = postSolution
		{7140CE7A-7394-45E4-B8BD-63A9EF3E6D9A}.Debug|Any CPU.ActiveCfg = Debug|Any CPU
		{7140CE7A-7394-45E4-B8BD-63A9EF3E6D9A}.Debug|Any CPU.Build.0 = Debug|Any CPU
		{7140CE7A-7394-45E4-B8BD-63A9EF3E6D9A}.Release|Any CPU.ActiveCfg = Release|Any CPU
		{7140CE7A-7394-45E4-B8BD-63A9EF3E6D9A}.Release|Any CPU.Build.0 = Release|Any CPU
	EndGlobalSection
	GlobalSection(SolutionProperties) = preSolution
		HideSolutionNode = FALSE
	EndGlobalSection
EndGlobal
